
Microsoft Visual Studio Solution File, Format Version 12.00
# Visual Studio Version 17
VisualStudioVersion = 17.8.34330.188
MinimumVisualStudioVersion = 10.0.40219.1
Project("{FAE04EC0-301F-11D3-BF4B-00C04F79EFBC}") = "Producer", "Producer\Producer.csproj", "{A2721CF5-2188-4CB4-91B8-5253677616F5}"
EndProject
Project("{FAE04EC0-301F-11D3-BF4B-00C04F79EFBC}") = "Consumer", "Consumer\Consumer.csproj", "{AAB31444-8D4D-42FC-8780-191F5B3A9996}"
EndProject
Project("{FAE04EC0-301F-11D3-BF4B-00C04F79EFBC}") = "EventBus", "EventBus\EventBus.csproj", "{3F4A21E6-DE89-43CB-B4CD-A8470CAFD18A}"
EndProject
Global
	GlobalSection(SolutionConfigurationPlatforms) = preSolution
		Debug|Any CPU = Debug|Any CPU
		Release|Any CPU = Release|Any CPU
	EndGlobalSection
	GlobalSection(ProjectConfigurationPlatforms) = postSolution
		{A2721CF5-2188-4CB4-91B8-5253677616F5}.Debug|Any CPU.ActiveCfg = Debug|Any CPU
		{A2721CF5-2188-4CB4-91B8-5253677616F5}.Debug|Any CPU.Build.0 = Debug|Any CPU
		{A2721CF5-2188-4CB4-91B8-5253677616F5}.Release|Any CPU.ActiveCfg = Release|Any CPU
		{A2721CF5-2188-4CB4-91B8-5253677616F5}.Release|Any CPU.Build.0 = Release|Any CPU
		{AAB31444-8D4D-42FC-8780-191F5B3A9996}.Debug|Any CPU.ActiveCfg = Debug|Any CPU
		{AAB31444-8D4D-42FC-8780-191F5B3A9996}.Debug|Any CPU.Build.0 = Debug|Any CPU
		{AAB31444-8D4D-42FC-8780-191F5B3A9996}.Release|Any CPU.ActiveCfg = Release|Any CPU
		{AAB31444-8D4D-42FC-8780-191F5B3A9996}.Release|Any CPU.Build.0 = Release|Any CPU
		{3F4A21E6-DE89-43CB-B4CD-A8470CAFD18A}.Debug|Any CPU.ActiveCfg = Debug|Any CPU
		{3F4A21E6-DE89-43CB-B4CD-A8470CAFD18A}.Debug|Any CPU.Build.0 = Debug|Any CPU
		{3F4A21E6-DE89-43CB-B4CD-A8470CAFD18A}.Release|Any CPU.ActiveCfg = Release|Any CPU
		{3F4A21E6-DE89-43CB-B4CD-A8470CAFD18A}.Release|Any CPU.Build.0 = Release|Any CPU
	EndGlobalSection
	GlobalSection(SolutionProperties) = preSolution
		HideSolutionNode = FALSE
	EndGlobalSection
	GlobalSection(ExtensibilityGlobals) = postSolution
		SolutionGuid = {CDC98C87-BB63-40FC-BFD0-AB1031AECC0E}
	EndGlobalSection
EndGlobal
